{
  "name": "redmine_glightbox",
  "lockfileVersion": 3,
  "requires": true,
  "packages": {
    "": {
      "name": "redmine_glightbox",
      "dependencies": {
        "eml-parse-js": "^1.2.0-beta.1"
      },
      "devDependencies": {
        "glightbox": "^3.3.1"
      }
    },
    "node_modules/@sinonjs/text-encoding": {
      "version": "0.7.3",
      "resolved": "https://registry.npmjs.org/@sinonjs/text-encoding/-/text-encoding-0.7.3.tgz",
      "integrity": "sha512-DE427ROAphMQzU4ENbliGYrBSYPXF+TtLg9S8vzeA+OF4ZKzoDdzfL8sxuMUGS/lgRhM6j1URSk9ghf7Xo1tyA==",
      "deprecated": "Deprecated: no longer maintained and no longer used by Sinon packages. See\n  https://github.com/sinonjs/nise/issues/243 for replacement details.",
      "license": "(Unlicense OR Apache-2.0)"
    },
    "node_modules/eml-parse-js": {
      "version": "1.2.0-beta.1",
      "resolved": "https://registry.npmjs.org/eml-parse-js/-/eml-parse-js-1.2.0-beta.1.tgz",
      "integrity": "sha512-sFlcUwNmIjPD7yR0/OK4XEN9V+/Np3S6SE348LNgwgAlgA1jswba+cTNxN/Rbkz+CHPyBSfh3Ccamp6lLWz0Lw==",
      "license": "MIT",
      "dependencies": {
        "@sinonjs/text-encoding": "^0.7.2",
        "js-base64": "^3.7.2"
      }
    },
    "node_modules/glightbox": {
      "version": "3.3.1",
      "resolved": "https://registry.npmjs.org/glightbox/-/glightbox-3.3.1.tgz",
      "integrity": "sha512-nXoKfJRnQTDaAFAw5799hjpfAAHx5aLvOLG0SIGudeMCwtHgO3P2/avNYapJ+SL4UEZxO2YNBPtq6pzMhSx42g==",
      "dev": true,
      "license": "MIT"
    },
    "node_modules/js-base64": {
      "version": "3.9.3",
      "resolved": "https://registry.npmjs.org/js-base64/-/js-base64-3.9.3.tgz",
      "integrity": "sha512-uwYQp+VJ38FVvtim6qNbit6e9uT6dwWQ4Y1+H9TxhW5hcHjpHwoxlR0nMpqUmIFOmu4VqMxwdJA88gIVuZJQ/g==",
      "license": "BSD-3-Clause"
    }
  }
}
