{
  "name": "redmine_glightbox",
  "lockfileVersion": 3,
  "requires": true,
  "packages": {
    "": {
      "name": "redmine_glightbox",
      "devDependencies": {
        "glightbox": "^3.3.1"
      }
    },
    "node_modules/glightbox": {
      "version": "3.3.1",
      "resolved": "https://registry.npmjs.org/glightbox/-/glightbox-3.3.1.tgz",
      "integrity": "sha512-nXoKfJRnQTDaAFAw5799hjpfAAHx5aLvOLG0SIGudeMCwtHgO3P2/avNYapJ+SL4UEZxO2YNBPtq6pzMhSx42g==",
      "dev": true,
      "license": "MIT"
    }
  }
}
